
Microsoft Visual Studio Solution File, Format Version 12.00
# Visual Studio Version 17
VisualStudioVersion = 17.13.35919.96
MinimumVisualStudioVersion = 10.0.40219.1
Project("{FAE04EC0-301F-11D3-BF4B-00C04F79EFBC}") = "Dominio", "Dominio\Dominio.csproj", "{80B20C74-100C-4CB4-AE98-D5F4D03702A9}"
EndProject
Project("{FAE04EC0-301F-11D3-BF4B-00C04F79EFBC}") = "Test", "Test\Test.csproj", "{EF7925B0-09FA-4406-9DA9-5E1A2B46E872}"
EndProject
Global
	GlobalSection(SolutionConfigurationPlatforms) = preSolution
		Debug|Any CPU = Debug|Any CPU
		Release|Any CPU = Release|Any CPU
	EndGlobalSection
	GlobalSection(ProjectConfigurationPlatforms) = postSolution
		{80B20C74-100C-4CB4-AE98-D5F4D03702A9}.Debug|Any CPU.ActiveCfg = Debug|Any CPU
		{80B20C74-100C-4CB4-AE98-D5F4D03702A9}.Debug|Any CPU.Build.0 = Debug|Any CPU
		{80B20C74-100C-4CB4-AE98-D5F4D03702A9}.Release|Any CPU.ActiveCfg = Release|Any CPU
		{80B20C74-100C-4CB4-AE98-D5F4D03702A9}.Release|Any CPU.Build.0 = Release|Any CPU
		{EF7925B0-09FA-4406-9DA9-5E1A2B46E872}.Debug|Any CPU.ActiveCfg = Debug|Any CPU
		{EF7925B0-09FA-4406-9DA9-5E1A2B46E872}.Debug|Any CPU.Build.0 = Debug|Any CPU
		{EF7925B0-09FA-4406-9DA9-5E1A2B46E872}.Release|Any CPU.ActiveCfg = Release|Any CPU
		{EF7925B0-09FA-4406-9DA9-5E1A2B46E872}.Release|Any CPU.Build.0 = Release|Any CPU
	EndGlobalSection
	GlobalSection(SolutionProperties) = preSolution
		HideSolutionNode = FALSE
	EndGlobalSection
	GlobalSection(ExtensibilityGlobals) = postSolution
		SolutionGuid = {E1C0F4CE-49DE-4E9F-BDB3-15F5B98FD707}
	EndGlobalSection
EndGlobal
